
Microsoft Visual Studio Solution File, Format Version 12.00
# Visual Studio Version 16
VisualStudioVersion = 16.0.29911.84
MinimumVisualStudioVersion = 10.0.40219.1
Project("{FAE04EC0-301F-11D3-BF4B-00C04F79EFBC}") = "HelloWorld", "HelloWorld\HelloWorld.csproj", "{023802F4-1C98-4A12-90FF-C9FAB3B48640}"
EndProject
Global
	GlobalSection(SolutionConfigurationPlatforms) = preSolution
		Debug|Any CPU = Debug|Any CPU
		Release|Any CPU = Release|Any CPU
	EndGlobalSection
	GlobalSection(ProjectConfigurationPlatforms) = postSolution
		{023802F4-1C98-4A12-90FF-C9FAB3B48640}.Debug|Any CPU.ActiveCfg = Debug|Any CPU
		{023802F4-1C98-4A12-90FF-C9FAB3B48640}.Debug|Any CPU.Build.0 = Debug|Any CPU
		{023802F4-1C98-4A12-90FF-C9FAB3B48640}.Release|Any CPU.ActiveCfg = Release|Any CPU
		{023802F4-1C98-4A12-90FF-C9FAB3B48640}.Release|Any CPU.Build.0 = Release|Any CPU
	EndGlobalSection
	GlobalSection(SolutionProperties) = preSolution
		HideSolutionNode = FALSE
	EndGlobalSection
	GlobalSection(ExtensibilityGlobals) = postSolution
		SolutionGuid = {64EFCA94-4274-439C-88EB-EACDDD532ECD}
	EndGlobalSection
EndGlobal
